
Microsoft Visual Studio Solution File, Format Version 12.00
# Visual Studio 15
VisualStudioVersion = 15.0.27130.2024
MinimumVisualStudioVersion = 15.0.26124.0
Project("{2150E333-8FDC-42A3-9474-1A3956D46DE8}") = "Build", "Build", "{2B664350-E227-46B3-ABD9-BE8D00711336}"
	ProjectSection(SolutionItems) = preProject
		Directory.Build.props = Directory.Build.props
		Directory.Build.targets = Directory.Build.targets
		nuget.config = nuget.config
		..\Packages.props = ..\Packages.props
	EndProjectSection
EndProject
Project("{2150E333-8FDC-42A3-9474-1A3956D46DE8}") = "Console", "Console", "{372A32C9-9DC1-44AF-BAF8-3E5BE3C44AB1}"
EndProject
Project("{9A19103F-16F7-4668-BE54-9A1E7A4F7556}") = "ConsoleTester", "ConsoleTester\ConsoleTester.csproj", "{C4B754FA-27D5-4225-821B-F813DEB1CF4D}"
EndProject
Project("{2150E333-8FDC-42A3-9474-1A3956D46DE8}") = "Databases", "Databases", "{A10B3CC4-072A-44F9-848C-BA898249FB8C}"
EndProject
Project("{2150E333-8FDC-42A3-9474-1A3956D46DE8}") = "Integrations", "Integrations", "{B7F7C3D7-9A64-470D-AE71-71B9B5F20151}"
EndProject
Project("{159641D6-6404-4A2A-AE62-294DE0FE8301}") = "Integrations", "Integrations\Integrations.dtproj", "{CC367C5C-255D-4BF4-B0AD-BA5AB390A935}"
EndProject
Project("{2150E333-8FDC-42A3-9474-1A3956D46DE8}") = "Web", "Web", "{E3D61BE0-8F1F-4ADB-8837-AB8D14690F5E}"
EndProject
Project("{FAE04EC0-301F-11D3-BF4B-00C04F79EFBC}") = "PowerShellUtilities", "PowerShellUtilities\PowerShellUtilities.csproj", "{CE2D66DE-BB31-4F26-95EF-62CDB81B5CCC}"
EndProject
Project("{9A19103F-16F7-4668-BE54-9A1E7A4F7556}") = "BladeRunner", "BladeRunner\BladeRunner.csproj", "{A02A589E-484B-413D-9668-9CFBE97958C6}"
EndProject
Project("{8BC9CEB8-8B4A-11D0-8D11-00A0C91BC942}") = "XmlHelper", "XmlHelper\XmlHelper.vcxproj", "{31779929-FE41-415A-84FC-38B151CB74ED}"
EndProject
Project("{FAE04EC0-301F-11D3-BF4B-00C04F79EFBC}") = "DbGen", "DbGen\DbGen.csproj", "{42015420-3B22-4FB9-AD13-F6072443F728}"
EndProject
Global
	GlobalSection(SolutionConfigurationPlatforms) = preSolution
		Debug|Any CPU = Debug|Any CPU
		Debug|Exp = Debug|Exp
		Debug|x64 = Debug|x64
		Debug|x86 = Debug|x86
		Development|Any CPU = Development|Any CPU
		Development|Exp = Development|Exp
		Development|x64 = Development|x64
		Development|x86 = Development|x86
		Exp|Any CPU = Exp|Any CPU
		Exp|Exp = Exp|Exp
		Exp|x64 = Exp|x64
		Exp|x86 = Exp|x86
		Release|Any CPU = Release|Any CPU
		Release|Exp = Release|Exp
		Release|x64 = Release|x64
		Release|x86 = Release|x86
	EndGlobalSection
	GlobalSection(ProjectConfigurationPlatforms) = postSolution
		{C4B754FA-27D5-4225-821B-F813DEB1CF4D}.Debug|Any CPU.ActiveCfg = Debug|Any CPU
		{C4B754FA-27D5-4225-821B-F813DEB1CF4D}.Debug|Any CPU.Build.0 = Debug|Any CPU
		{C4B754FA-27D5-4225-821B-F813DEB1CF4D}.Debug|Exp.ActiveCfg = Debug|Any CPU
		{C4B754FA-27D5-4225-821B-F813DEB1CF4D}.Debug|Exp.Build.0 = Debug|Any CPU
		{C4B754FA-27D5-4225-821B-F813DEB1CF4D}.Debug|x64.ActiveCfg = Debug|Any CPU
		{C4B754FA-27D5-4225-821B-F813DEB1CF4D}.Debug|x64.Build.0 = Debug|Any CPU
		{C4B754FA-27D5-4225-821B-F813DEB1CF4D}.Debug|x86.ActiveCfg = Debug|Any CPU
		{C4B754FA-27D5-4225-821B-F813DEB1CF4D}.Debug|x86.Build.0 = Debug|Any CPU
		{C4B754FA-27D5-4225-821B-F813DEB1CF4D}.Development|Any CPU.ActiveCfg = Debug|Any CPU
		{C4B754FA-27D5-4225-821B-F813DEB1CF4D}.Development|Any CPU.Build.0 = Debug|Any CPU
		{C4B754FA-27D5-4225-821B-F813DEB1CF4D}.Development|Exp.ActiveCfg = Debug|Any CPU
		{C4B754FA-27D5-4225-821B-F813DEB1CF4D}.Development|Exp.Build.0 = Debug|Any CPU
		{C4B754FA-27D5-4225-821B-F813DEB1CF4D}.Development|x64.ActiveCfg = Debug|Any CPU
		{C4B754FA-27D5-4225-821B-F813DEB1CF4D}.Development|x64.Build.0 = Debug|Any CPU
		{C4B754FA-27D5-4225-821B-F813DEB1CF4D}.Development|x86.ActiveCfg = Debug|Any CPU
		{C4B754FA-27D5-4225-821B-F813DEB1CF4D}.Development|x86.Build.0 = Debug|Any CPU
		{C4B754FA-27D5-4225-821B-F813DEB1CF4D}.Exp|Any CPU.ActiveCfg = Release|Any CPU
		{C4B754FA-27D5-4225-821B-F813DEB1CF4D}.Exp|Any CPU.Build.0 = Release|Any CPU
		{C4B754FA-27D5-4225-821B-F813DEB1CF4D}.Exp|Exp.ActiveCfg = Release|Any CPU
		{C4B754FA-27D5-4225-821B-F813DEB1CF4D}.Exp|Exp.Build.0 = Release|Any CPU
		{C4B754FA-27D5-4225-821B-F813DEB1CF4D}.Exp|x64.ActiveCfg = Release|Any CPU
		{C4B754FA-27D5-4225-821B-F813DEB1CF4D}.Exp|x64.Build.0 = Release|Any CPU
		{C4B754FA-27D5-4225-821B-F813DEB1CF4D}.Exp|x86.ActiveCfg = Release|Any CPU
		{C4B754FA-27D5-4225-821B-F813DEB1CF4D}.Exp|x86.Build.0 = Release|Any CPU
		{C4B754FA-27D5-4225-821B-F813DEB1CF4D}.Release|Any CPU.ActiveCfg = Release|Any CPU
		{C4B754FA-27D5-4225-821B-F813DEB1CF4D}.Release|Any CPU.Build.0 = Release|Any CPU
		{C4B754FA-27D5-4225-821B-F813DEB1CF4D}.Release|Exp.ActiveCfg = Release|Any CPU
		{C4B754FA-27D5-4225-821B-F813DEB1CF4D}.Release|Exp.Build.0 = Release|Any CPU
		{C4B754FA-27D5-4225-821B-F813DEB1CF4D}.Release|x64.ActiveCfg = Release|Any CPU
		{C4B754FA-27D5-4225-821B-F813DEB1CF4D}.Release|x64.Build.0 = Release|Any CPU
		{C4B754FA-27D5-4225-821B-F813DEB1CF4D}.Release|x86.ActiveCfg = Release|Any CPU
		{C4B754FA-27D5-4225-821B-F813DEB1CF4D}.Release|x86.Build.0 = Release|Any CPU
		{CC367C5C-255D-4BF4-B0AD-BA5AB390A935}.Debug|Any CPU.ActiveCfg = Development
		{CC367C5C-255D-4BF4-B0AD-BA5AB390A935}.Debug|Any CPU.Build.0 = Development
		{CC367C5C-255D-4BF4-B0AD-BA5AB390A935}.Debug|Exp.ActiveCfg = Development
		{CC367C5C-255D-4BF4-B0AD-BA5AB390A935}.Debug|Exp.Build.0 = Development
		{CC367C5C-255D-4BF4-B0AD-BA5AB390A935}.Debug|x64.ActiveCfg = Development
		{CC367C5C-255D-4BF4-B0AD-BA5AB390A935}.Debug|x64.Build.0 = Development
		{CC367C5C-255D-4BF4-B0AD-BA5AB390A935}.Debug|x86.ActiveCfg = Development
		{CC367C5C-255D-4BF4-B0AD-BA5AB390A935}.Debug|x86.Build.0 = Development
		{CC367C5C-255D-4BF4-B0AD-BA5AB390A935}.Development|Any CPU.ActiveCfg = Development
		{CC367C5C-255D-4BF4-B0AD-BA5AB390A935}.Development|Any CPU.Build.0 = Development
		{CC367C5C-255D-4BF4-B0AD-BA5AB390A935}.Development|Exp.ActiveCfg = Development
		{CC367C5C-255D-4BF4-B0AD-BA5AB390A935}.Development|Exp.Build.0 = Development
		{CC367C5C-255D-4BF4-B0AD-BA5AB390A935}.Development|x64.ActiveCfg = Development
		{CC367C5C-255D-4BF4-B0AD-BA5AB390A935}.Development|x64.Build.0 = Development
		{CC367C5C-255D-4BF4-B0AD-BA5AB390A935}.Development|x86.ActiveCfg = Development
		{CC367C5C-255D-4BF4-B0AD-BA5AB390A935}.Development|x86.Build.0 = Development
		{CC367C5C-255D-4BF4-B0AD-BA5AB390A935}.Exp|Any CPU.ActiveCfg = Development
		{CC367C5C-255D-4BF4-B0AD-BA5AB390A935}.Exp|Any CPU.Build.0 = Development
		{CC367C5C-255D-4BF4-B0AD-BA5AB390A935}.Exp|Exp.ActiveCfg = Development
		{CC367C5C-255D-4BF4-B0AD-BA5AB390A935}.Exp|Exp.Build.0 = Development
		{CC367C5C-255D-4BF4-B0AD-BA5AB390A935}.Exp|x64.ActiveCfg = Development
		{CC367C5C-255D-4BF4-B0AD-BA5AB390A935}.Exp|x64.Build.0 = Development
		{CC367C5C-255D-4BF4-B0AD-BA5AB390A935}.Exp|x86.ActiveCfg = Development
		{CC367C5C-255D-4BF4-B0AD-BA5AB390A935}.Exp|x86.Build.0 = Development
		{CC367C5C-255D-4BF4-B0AD-BA5AB390A935}.Release|Any CPU.ActiveCfg = Development
		{CC367C5C-255D-4BF4-B0AD-BA5AB390A935}.Release|Any CPU.Build.0 = Development
		{CC367C5C-255D-4BF4-B0AD-BA5AB390A935}.Release|Exp.ActiveCfg = Development
		{CC367C5C-255D-4BF4-B0AD-BA5AB390A935}.Release|Exp.Build.0 = Development
		{CC367C5C-255D-4BF4-B0AD-BA5AB390A935}.Release|x64.ActiveCfg = Development
		{CC367C5C-255D-4BF4-B0AD-BA5AB390A935}.Release|x64.Build.0 = Development
		{CC367C5C-255D-4BF4-B0AD-BA5AB390A935}.Release|x86.ActiveCfg = Development
		{CC367C5C-255D-4BF4-B0AD-BA5AB390A935}.Release|x86.Build.0 = Development
		{CE2D66DE-BB31-4F26-95EF-62CDB81B5CCC}.Debug|Any CPU.ActiveCfg = Debug|Any CPU
		{CE2D66DE-BB31-4F26-95EF-62CDB81B5CCC}.Debug|Any CPU.Build.0 = Debug|Any CPU
		{CE2D66DE-BB31-4F26-95EF-62CDB81B5CCC}.Debug|Exp.ActiveCfg = Debug|Any CPU
		{CE2D66DE-BB31-4F26-95EF-62CDB81B5CCC}.Debug|Exp.Build.0 = Debug|Any CPU
		{CE2D66DE-BB31-4F26-95EF-62CDB81B5CCC}.Debug|x64.ActiveCfg = Debug|Any CPU
		{CE2D66DE-BB31-4F26-95EF-62CDB81B5CCC}.Debug|x64.Build.0 = Debug|Any CPU
		{CE2D66DE-BB31-4F26-95EF-62CDB81B5CCC}.Debug|x86.ActiveCfg = Debug|Any CPU
		{CE2D66DE-BB31-4F26-95EF-62CDB81B5CCC}.Debug|x86.Build.0 = Debug|Any CPU
		{CE2D66DE-BB31-4F26-95EF-62CDB81B5CCC}.Development|Any CPU.ActiveCfg = Debug|Any CPU
		{CE2D66DE-BB31-4F26-95EF-62CDB81B5CCC}.Development|Any CPU.Build.0 = Debug|Any CPU
		{CE2D66DE-BB31-4F26-95EF-62CDB81B5CCC}.Development|Exp.ActiveCfg = Debug|Any CPU
		{CE2D66DE-BB31-4F26-95EF-62CDB81B5CCC}.Development|Exp.Build.0 = Debug|Any CPU
		{CE2D66DE-BB31-4F26-95EF-62CDB81B5CCC}.Development|x64.ActiveCfg = Debug|Any CPU
		{CE2D66DE-BB31-4F26-95EF-62CDB81B5CCC}.Development|x64.Build.0 = Debug|Any CPU
		{CE2D66DE-BB31-4F26-95EF-62CDB81B5CCC}.Development|x86.ActiveCfg = Debug|Any CPU
		{CE2D66DE-BB31-4F26-95EF-62CDB81B5CCC}.Development|x86.Build.0 = Debug|Any CPU
		{CE2D66DE-BB31-4F26-95EF-62CDB81B5CCC}.Exp|Any CPU.ActiveCfg = Release|Any CPU
		{CE2D66DE-BB31-4F26-95EF-62CDB81B5CCC}.Exp|Any CPU.Build.0 = Release|Any CPU
		{CE2D66DE-BB31-4F26-95EF-62CDB81B5CCC}.Exp|Exp.ActiveCfg = Release|Any CPU
		{CE2D66DE-BB31-4F26-95EF-62CDB81B5CCC}.Exp|Exp.Build.0 = Release|Any CPU
		{CE2D66DE-BB31-4F26-95EF-62CDB81B5CCC}.Exp|x64.ActiveCfg = Release|Any CPU
		{CE2D66DE-BB31-4F26-95EF-62CDB81B5CCC}.Exp|x64.Build.0 = Release|Any CPU
		{CE2D66DE-BB31-4F26-95EF-62CDB81B5CCC}.Exp|x86.ActiveCfg = Release|Any CPU
		{CE2D66DE-BB31-4F26-95EF-62CDB81B5CCC}.Exp|x86.Build.0 = Release|Any CPU
		{CE2D66DE-BB31-4F26-95EF-62CDB81B5CCC}.Release|Any CPU.ActiveCfg = Release|Any CPU
		{CE2D66DE-BB31-4F26-95EF-62CDB81B5CCC}.Release|Any CPU.Build.0 = Release|Any CPU
		{CE2D66DE-BB31-4F26-95EF-62CDB81B5CCC}.Release|Exp.ActiveCfg = Release|Any CPU
		{CE2D66DE-BB31-4F26-95EF-62CDB81B5CCC}.Release|Exp.Build.0 = Release|Any CPU
		{CE2D66DE-BB31-4F26-95EF-62CDB81B5CCC}.Release|x64.ActiveCfg = Release|Any CPU
		{CE2D66DE-BB31-4F26-95EF-62CDB81B5CCC}.Release|x64.Build.0 = Release|Any CPU
		{CE2D66DE-BB31-4F26-95EF-62CDB81B5CCC}.Release|x86.ActiveCfg = Release|Any CPU
		{CE2D66DE-BB31-4F26-95EF-62CDB81B5CCC}.Release|x86.Build.0 = Release|Any CPU
		{A02A589E-484B-413D-9668-9CFBE97958C6}.Debug|Any CPU.ActiveCfg = Debug|Any CPU
		{A02A589E-484B-413D-9668-9CFBE97958C6}.Debug|Any CPU.Build.0 = Debug|Any CPU
		{A02A589E-484B-413D-9668-9CFBE97958C6}.Debug|Exp.ActiveCfg = Debug|Any CPU
		{A02A589E-484B-413D-9668-9CFBE97958C6}.Debug|Exp.Build.0 = Debug|Any CPU
		{A02A589E-484B-413D-9668-9CFBE97958C6}.Debug|x64.ActiveCfg = Debug|Any CPU
		{A02A589E-484B-413D-9668-9CFBE97958C6}.Debug|x64.Build.0 = Debug|Any CPU
		{A02A589E-484B-413D-9668-9CFBE97958C6}.Debug|x86.ActiveCfg = Debug|Any CPU
		{A02A589E-484B-413D-9668-9CFBE97958C6}.Debug|x86.Build.0 = Debug|Any CPU
		{A02A589E-484B-413D-9668-9CFBE97958C6}.Development|Any CPU.ActiveCfg = Debug|Any CPU
		{A02A589E-484B-413D-9668-9CFBE97958C6}.Development|Any CPU.Build.0 = Debug|Any CPU
		{A02A589E-484B-413D-9668-9CFBE97958C6}.Development|Exp.ActiveCfg = Debug|Any CPU
		{A02A589E-484B-413D-9668-9CFBE97958C6}.Development|Exp.Build.0 = Debug|Any CPU
		{A02A589E-484B-413D-9668-9CFBE97958C6}.Development|x64.ActiveCfg = Debug|Any CPU
		{A02A589E-484B-413D-9668-9CFBE97958C6}.Development|x64.Build.0 = Debug|Any CPU
		{A02A589E-484B-413D-9668-9CFBE97958C6}.Development|x86.ActiveCfg = Debug|Any CPU
		{A02A589E-484B-413D-9668-9CFBE97958C6}.Development|x86.Build.0 = Debug|Any CPU
		{A02A589E-484B-413D-9668-9CFBE97958C6}.Exp|Any CPU.ActiveCfg = Debug|Any CPU
		{A02A589E-484B-413D-9668-9CFBE97958C6}.Exp|Any CPU.Build.0 = Debug|Any CPU
		{A02A589E-484B-413D-9668-9CFBE97958C6}.Exp|Exp.ActiveCfg = Debug|Any CPU
		{A02A589E-484B-413D-9668-9CFBE97958C6}.Exp|Exp.Build.0 = Debug|Any CPU
		{A02A589E-484B-413D-9668-9CFBE97958C6}.Exp|x64.ActiveCfg = Debug|Any CPU
		{A02A589E-484B-413D-9668-9CFBE97958C6}.Exp|x64.Build.0 = Debug|Any CPU
		{A02A589E-484B-413D-9668-9CFBE97958C6}.Exp|x86.ActiveCfg = Debug|Any CPU
		{A02A589E-484B-413D-9668-9CFBE97958C6}.Exp|x86.Build.0 = Debug|Any CPU
		{A02A589E-484B-413D-9668-9CFBE97958C6}.Release|Any CPU.ActiveCfg = Release|Any CPU
		{A02A589E-484B-413D-9668-9CFBE97958C6}.Release|Any CPU.Build.0 = Release|Any CPU
		{A02A589E-484B-413D-9668-9CFBE97958C6}.Release|Exp.ActiveCfg = Release|Any CPU
		{A02A589E-484B-413D-9668-9CFBE97958C6}.Release|Exp.Build.0 = Release|Any CPU
		{A02A589E-484B-413D-9668-9CFBE97958C6}.Release|x64.ActiveCfg = Release|Any CPU
		{A02A589E-484B-413D-9668-9CFBE97958C6}.Release|x64.Build.0 = Release|Any CPU
		{A02A589E-484B-413D-9668-9CFBE97958C6}.Release|x86.ActiveCfg = Release|Any CPU
		{A02A589E-484B-413D-9668-9CFBE97958C6}.Release|x86.Build.0 = Release|Any CPU
		{31779929-FE41-415A-84FC-38B151CB74ED}.Debug|Any CPU.ActiveCfg = Debug|Win32
		{31779929-FE41-415A-84FC-38B151CB74ED}.Debug|Exp.ActiveCfg = Debug|Win32
		{31779929-FE41-415A-84FC-38B151CB74ED}.Debug|x64.ActiveCfg = Debug|x64
		{31779929-FE41-415A-84FC-38B151CB74ED}.Debug|x64.Build.0 = Debug|x64
		{31779929-FE41-415A-84FC-38B151CB74ED}.Debug|x86.ActiveCfg = Debug|Win32
		{31779929-FE41-415A-84FC-38B151CB74ED}.Debug|x86.Build.0 = Debug|Win32
		{31779929-FE41-415A-84FC-38B151CB74ED}.Development|Any CPU.ActiveCfg = Release|x64
		{31779929-FE41-415A-84FC-38B151CB74ED}.Development|Any CPU.Build.0 = Release|x64
		{31779929-FE41-415A-84FC-38B151CB74ED}.Development|Exp.ActiveCfg = Release|x64
		{31779929-FE41-415A-84FC-38B151CB74ED}.Development|Exp.Build.0 = Release|x64
		{31779929-FE41-415A-84FC-38B151CB74ED}.Development|x64.ActiveCfg = Debug|x64
		{31779929-FE41-415A-84FC-38B151CB74ED}.Development|x64.Build.0 = Debug|x64
		{31779929-FE41-415A-84FC-38B151CB74ED}.Development|x86.ActiveCfg = Debug|Win32
		{31779929-FE41-415A-84FC-38B151CB74ED}.Development|x86.Build.0 = Debug|Win32
		{31779929-FE41-415A-84FC-38B151CB74ED}.Exp|Any CPU.ActiveCfg = Release|x64
		{31779929-FE41-415A-84FC-38B151CB74ED}.Exp|Any CPU.Build.0 = Release|x64
		{31779929-FE41-415A-84FC-38B151CB74ED}.Exp|Exp.ActiveCfg = Release|x64
		{31779929-FE41-415A-84FC-38B151CB74ED}.Exp|Exp.Build.0 = Release|x64
		{31779929-FE41-415A-84FC-38B151CB74ED}.Exp|x64.ActiveCfg = Release|x64
		{31779929-FE41-415A-84FC-38B151CB74ED}.Exp|x64.Build.0 = Release|x64
		{31779929-FE41-415A-84FC-38B151CB74ED}.Exp|x86.ActiveCfg = Release|Win32
		{31779929-FE41-415A-84FC-38B151CB74ED}.Exp|x86.Build.0 = Release|Win32
		{31779929-FE41-415A-84FC-38B151CB74ED}.Release|Any CPU.ActiveCfg = Release|Win32
		{31779929-FE41-415A-84FC-38B151CB74ED}.Release|Exp.ActiveCfg = Release|Win32
		{31779929-FE41-415A-84FC-38B151CB74ED}.Release|x64.ActiveCfg = Release|x64
		{31779929-FE41-415A-84FC-38B151CB74ED}.Release|x64.Build.0 = Release|x64
		{31779929-FE41-415A-84FC-38B151CB74ED}.Release|x86.ActiveCfg = Release|Win32
		{31779929-FE41-415A-84FC-38B151CB74ED}.Release|x86.Build.0 = Release|Win32
		{42015420-3B22-4FB9-AD13-F6072443F728}.Debug|Any CPU.ActiveCfg = Debug|Any CPU
		{42015420-3B22-4FB9-AD13-F6072443F728}.Debug|Any CPU.Build.0 = Debug|Any CPU
		{42015420-3B22-4FB9-AD13-F6072443F728}.Debug|Exp.ActiveCfg = Debug|Any CPU
		{42015420-3B22-4FB9-AD13-F6072443F728}.Debug|Exp.Build.0 = Debug|Any CPU
		{42015420-3B22-4FB9-AD13-F6072443F728}.Debug|x64.ActiveCfg = Debug|Any CPU
		{42015420-3B22-4FB9-AD13-F6072443F728}.Debug|x64.Build.0 = Debug|Any CPU
		{42015420-3B22-4FB9-AD13-F6072443F728}.Debug|x86.ActiveCfg = Debug|Any CPU
		{42015420-3B22-4FB9-AD13-F6072443F728}.Debug|x86.Build.0 = Debug|Any CPU
		{42015420-3B22-4FB9-AD13-F6072443F728}.Development|Any CPU.ActiveCfg = Debug|Any CPU
		{42015420-3B22-4FB9-AD13-F6072443F728}.Development|Any CPU.Build.0 = Debug|Any CPU
		{42015420-3B22-4FB9-AD13-F6072443F728}.Development|Exp.ActiveCfg = Debug|Any CPU
		{42015420-3B22-4FB9-AD13-F6072443F728}.Development|Exp.Build.0 = Debug|Any CPU
		{42015420-3B22-4FB9-AD13-F6072443F728}.Development|x64.ActiveCfg = Debug|Any CPU
		{42015420-3B22-4FB9-AD13-F6072443F728}.Development|x64.Build.0 = Debug|Any CPU
		{42015420-3B22-4FB9-AD13-F6072443F728}.Development|x86.ActiveCfg = Debug|Any CPU
		{42015420-3B22-4FB9-AD13-F6072443F728}.Development|x86.Build.0 = Debug|Any CPU
		{42015420-3B22-4FB9-AD13-F6072443F728}.Exp|Any CPU.ActiveCfg = Exp|Any CPU
		{42015420-3B22-4FB9-AD13-F6072443F728}.Exp|Any CPU.Build.0 = Exp|Any CPU
		{42015420-3B22-4FB9-AD13-F6072443F728}.Exp|Exp.ActiveCfg = Exp|Any CPU
		{42015420-3B22-4FB9-AD13-F6072443F728}.Exp|Exp.Build.0 = Exp|Any CPU
		{42015420-3B22-4FB9-AD13-F6072443F728}.Exp|x64.ActiveCfg = Exp|Any CPU
		{42015420-3B22-4FB9-AD13-F6072443F728}.Exp|x64.Build.0 = Exp|Any CPU
		{42015420-3B22-4FB9-AD13-F6072443F728}.Exp|x86.ActiveCfg = Exp|Any CPU
		{42015420-3B22-4FB9-AD13-F6072443F728}.Exp|x86.Build.0 = Exp|Any CPU
		{42015420-3B22-4FB9-AD13-F6072443F728}.Release|Any CPU.ActiveCfg = Release|Any CPU
		{42015420-3B22-4FB9-AD13-F6072443F728}.Release|Any CPU.Build.0 = Release|Any CPU
		{42015420-3B22-4FB9-AD13-F6072443F728}.Release|Exp.ActiveCfg = Release|Any CPU
		{42015420-3B22-4FB9-AD13-F6072443F728}.Release|Exp.Build.0 = Release|Any CPU
		{42015420-3B22-4FB9-AD13-F6072443F728}.Release|x64.ActiveCfg = Release|Any CPU
		{42015420-3B22-4FB9-AD13-F6072443F728}.Release|x64.Build.0 = Release|Any CPU
		{42015420-3B22-4FB9-AD13-F6072443F728}.Release|x86.ActiveCfg = Release|Any CPU
		{42015420-3B22-4FB9-AD13-F6072443F728}.Release|x86.Build.0 = Release|Any CPU
	EndGlobalSection
	GlobalSection(SolutionProperties) = preSolution
		HideSolutionNode = FALSE
	EndGlobalSection
	GlobalSection(NestedProjects) = preSolution
		{C4B754FA-27D5-4225-821B-F813DEB1CF4D} = {372A32C9-9DC1-44AF-BAF8-3E5BE3C44AB1}
		{CC367C5C-255D-4BF4-B0AD-BA5AB390A935} = {B7F7C3D7-9A64-470D-AE71-71B9B5F20151}
		{CE2D66DE-BB31-4F26-95EF-62CDB81B5CCC} = {E3D61BE0-8F1F-4ADB-8837-AB8D14690F5E}
		{A02A589E-484B-413D-9668-9CFBE97958C6} = {B7F7C3D7-9A64-470D-AE71-71B9B5F20151}
		{31779929-FE41-415A-84FC-38B151CB74ED} = {372A32C9-9DC1-44AF-BAF8-3E5BE3C44AB1}
		{42015420-3B22-4FB9-AD13-F6072443F728} = {A10B3CC4-072A-44F9-848C-BA898249FB8C}
	EndGlobalSection
	GlobalSection(ExtensibilityGlobals) = postSolution
		SolutionGuid = {A7A4EA60-E5A2-40D5-9E8D-0AB28E23A115}
	EndGlobalSection
EndGlobal
